// !$*UTF8*$!
{
	archiveVersion = 1;
	classes = {
	};
	objectVersion = 56;
	objects = {

/* Begin PBXBuildFile section */
		BF3146F42AC1F2E900CCFEE5 /* Lesson.swift in Sources */ = {isa = PBXBuildFile; fileRef = BF3146F32AC1F2E900CCFEE5 /* Lesson.swift */; };
		BF3146F62AC1F37E00CCFEE5 /* Exercise.swift in Sources */ = {isa = PBXBuildFile; fileRef = BF3146F52AC1F37E00CCFEE5 /* Exercise.swift */; };
		BF3146FB2AC1FB4000CCFEE5 /* Alternative.swift in Sources */ = {isa = PBXBuildFile; fileRef = BF3146FA2AC1FB4000CCFEE5 /* Alternative.swift */; };
		BF3147022AC1FFD100CCFEE5 /* ContentController.swift in Sources */ = {isa = PBXBuildFile; fileRef = BF3147012AC1FFD100CCFEE5 /* ContentController.swift */; };
		BF3147052AC208FA00CCFEE5 /* SectionView.swift in Sources */ = {isa = PBXBuildFile; fileRef = BF3147042AC208FA00CCFEE5 /* SectionView.swift */; };
		BF5208502ABE299700FB9F5C /* Localizable.strings in Resources */ = {isa = PBXBuildFile; fileRef = BF52084F2ABE299700FB9F5C /* Localizable.strings */; };
		BF5208592ABE2A0900FB9F5C /* DataModel.xcdatamodeld in Sources */ = {isa = PBXBuildFile; fileRef = BF5208572ABE2A0900FB9F5C /* DataModel.xcdatamodeld */; };
		BF52085B2ABE2A6E00FB9F5C /* Phase.swift in Sources */ = {isa = PBXBuildFile; fileRef = BF52085A2ABE2A6E00FB9F5C /* Phase.swift */; };
		BF52085D2ABE2B9100FB9F5C /* Section.swift in Sources */ = {isa = PBXBuildFile; fileRef = BF52085C2ABE2B9100FB9F5C /* Section.swift */; };
		BFF8159E2ABE0D1A00ACF5A7 /* SoundfyApp.swift in Sources */ = {isa = PBXBuildFile; fileRef = BFF8159D2ABE0D1A00ACF5A7 /* SoundfyApp.swift */; };
		BFF815A02ABE0D1A00ACF5A7 /* ContentView.swift in Sources */ = {isa = PBXBuildFile; fileRef = BFF8159F2ABE0D1A00ACF5A7 /* ContentView.swift */; };
		BFF815A22ABE0D1A00ACF5A7 /* Assets.xcassets in Resources */ = {isa = PBXBuildFile; fileRef = BFF815A12ABE0D1A00ACF5A7 /* Assets.xcassets */; };
		BFF815A52ABE0D1A00ACF5A7 /* Preview Assets.xcassets in Resources */ = {isa = PBXBuildFile; fileRef = BFF815A42ABE0D1A00ACF5A7 /* Preview Assets.xcassets */; };
		E5AB743F2AC21ED500006406 /* PhonemesView.swift in Sources */ = {isa = PBXBuildFile; fileRef = E5AB743E2AC21ED500006406 /* PhonemesView.swift */; };
		E5AB74412AC21F1000006406 /* WordView.swift in Sources */ = {isa = PBXBuildFile; fileRef = E5AB74402AC21F1000006406 /* WordView.swift */; };
		E5AB74432AC21F8A00006406 /* SoundsView.swift in Sources */ = {isa = PBXBuildFile; fileRef = E5AB74422AC21F8A00006406 /* SoundsView.swift */; };
		E5AB74452AC21F9B00006406 /* ProfileView.swift in Sources */ = {isa = PBXBuildFile; fileRef = E5AB74442AC21F9B00006406 /* ProfileView.swift */; };
		E5AB74472AC2230B00006406 /* ColorController.swift in Sources */ = {isa = PBXBuildFile; fileRef = E5AB74462AC2230B00006406 /* ColorController.swift */; };
/* End PBXBuildFile section */

/* Begin PBXFileReference section */
		BF3146F32AC1F2E900CCFEE5 /* Lesson.swift */ = {isa = PBXFileReference; lastKnownFileType = sourcecode.swift; path = Lesson.swift; sourceTree = "<group>"; };
		BF3146F52AC1F37E00CCFEE5 /* Exercise.swift */ = {isa = PBXFileReference; lastKnownFileType = sourcecode.swift; path = Exercise.swift; sourceTree = "<group>"; };
		BF3146FA2AC1FB4000CCFEE5 /* Alternative.swift */ = {isa = PBXFileReference; lastKnownFileType = sourcecode.swift; path = Alternative.swift; sourceTree = "<group>"; };
		BF3147012AC1FFD100CCFEE5 /* ContentController.swift */ = {isa = PBXFileReference; lastKnownFileType = sourcecode.swift; path = ContentController.swift; sourceTree = "<group>"; };
		BF3147042AC208FA00CCFEE5 /* SectionView.swift */ = {isa = PBXFileReference; lastKnownFileType = sourcecode.swift; path = SectionView.swift; sourceTree = "<group>"; };
		BF52084F2ABE299700FB9F5C /* Localizable.strings */ = {isa = PBXFileReference; lastKnownFileType = text.plist.strings; path = Localizable.strings; sourceTree = "<group>"; };
		BF5208582ABE2A0900FB9F5C /* DataModel.xcdatamodel */ = {isa = PBXFileReference; lastKnownFileType = wrapper.xcdatamodel; path = DataModel.xcdatamodel; sourceTree = "<group>"; };
		BF52085A2ABE2A6E00FB9F5C /* Phase.swift */ = {isa = PBXFileReference; lastKnownFileType = sourcecode.swift; path = Phase.swift; sourceTree = "<group>"; };
		BF52085C2ABE2B9100FB9F5C /* Section.swift */ = {isa = PBXFileReference; lastKnownFileType = sourcecode.swift; path = Section.swift; sourceTree = "<group>"; };
		BFF8159A2ABE0D1A00ACF5A7 /* Soundfy.app */ = {isa = PBXFileReference; explicitFileType = wrapper.application; includeInIndex = 0; path = Soundfy.app; sourceTree = BUILT_PRODUCTS_DIR; };
		BFF8159D2ABE0D1A00ACF5A7 /* SoundfyApp.swift */ = {isa = PBXFileReference; lastKnownFileType = sourcecode.swift; path = SoundfyApp.swift; sourceTree = "<group>"; };
		BFF8159F2ABE0D1A00ACF5A7 /* ContentView.swift */ = {isa = PBXFileReference; lastKnownFileType = sourcecode.swift; path = ContentView.swift; sourceTree = "<group>"; };
		BFF815A12ABE0D1A00ACF5A7 /* Assets.xcassets */ = {isa = PBXFileReference; lastKnownFileType = folder.assetcatalog; path = Assets.xcassets; sourceTree = "<group>"; };
		BFF815A42ABE0D1A00ACF5A7 /* Preview Assets.xcassets */ = {isa = PBXFileReference; lastKnownFileType = folder.assetcatalog; path = "Preview Assets.xcassets"; sourceTree = "<group>"; };
		E5AB743E2AC21ED500006406 /* PhonemesView.swift */ = {isa = PBXFileReference; lastKnownFileType = sourcecode.swift; path = PhonemesView.swift; sourceTree = "<group>"; };
		E5AB74402AC21F1000006406 /* WordView.swift */ = {isa = PBXFileReference; lastKnownFileType = sourcecode.swift; path = WordView.swift; sourceTree = "<group>"; };
		E5AB74422AC21F8A00006406 /* SoundsView.swift */ = {isa = PBXFileReference; lastKnownFileType = sourcecode.swift; path = SoundsView.swift; sourceTree = "<group>"; };
		E5AB74442AC21F9B00006406 /* ProfileView.swift */ = {isa = PBXFileReference; lastKnownFileType = sourcecode.swift; path = ProfileView.swift; sourceTree = "<group>"; };
		E5AB74462AC2230B00006406 /* ColorController.swift */ = {isa = PBXFileReference; lastKnownFileType = sourcecode.swift; path = ColorController.swift; sourceTree = "<group>"; };
/* End PBXFileReference section */

/* Begin PBXFrameworksBuildPhase section */
		BFF815972ABE0D1A00ACF5A7 /* Frameworks */ = {
			isa = PBXFrameworksBuildPhase;
			buildActionMask = 2147483647;
			files = (
			);
			runOnlyForDeploymentPostprocessing = 0;
		};
/* End PBXFrameworksBuildPhase section */

/* Begin PBXGroup section */
		BF3147032AC208EA00CCFEE5 /* Components */ = {
			isa = PBXGroup;
			children = (
				BF3147042AC208FA00CCFEE5 /* SectionView.swift */,
			);
			path = Components;
			sourceTree = "<group>";
		};
		BF5208512ABE29A700FB9F5C /* Models */ = {
			isa = PBXGroup;
			children = (
				BF52085A2ABE2A6E00FB9F5C /* Phase.swift */,
				BF52085C2ABE2B9100FB9F5C /* Section.swift */,
				BF3146F32AC1F2E900CCFEE5 /* Lesson.swift */,
				BF3146F52AC1F37E00CCFEE5 /* Exercise.swift */,
				BF3146FA2AC1FB4000CCFEE5 /* Alternative.swift */,
			);
			path = Models;
			sourceTree = "<group>";
		};
		BF5208522ABE29AB00FB9F5C /* Controllers */ = {
			isa = PBXGroup;
			children = (
				BF3147012AC1FFD100CCFEE5 /* ContentController.swift */,
				E5AB74462AC2230B00006406 /* ColorController.swift */,
			);
			path = Controllers;
			sourceTree = "<group>";
		};
		BF5208532ABE29B300FB9F5C /* Views */ = {
			isa = PBXGroup;
			children = (
				BF3147032AC208EA00CCFEE5 /* Components */,
				E5AB74442AC21F9B00006406 /* ProfileView.swift */,
				E5AB74422AC21F8A00006406 /* SoundsView.swift */,
				E5AB74402AC21F1000006406 /* WordView.swift */,
				E5AB743E2AC21ED500006406 /* PhonemesView.swift */,
			);
			path = Views;
			sourceTree = "<group>";
		};
		BFF815912ABE0D1A00ACF5A7 = {
			isa = PBXGroup;
			children = (
				BFF8159C2ABE0D1A00ACF5A7 /* Soundfy */,
				BFF8159B2ABE0D1A00ACF5A7 /* Products */,
			);
			sourceTree = "<group>";
		};
		BFF8159B2ABE0D1A00ACF5A7 /* Products */ = {
			isa = PBXGroup;
			children = (
				BFF8159A2ABE0D1A00ACF5A7 /* Soundfy.app */,
			);
			name = Products;
			sourceTree = "<group>";
		};
		BFF8159C2ABE0D1A00ACF5A7 /* Soundfy */ = {
			isa = PBXGroup;
			children = (
				BF5208532ABE29B300FB9F5C /* Views */,
				BF5208522ABE29AB00FB9F5C /* Controllers */,
				BF5208512ABE29A700FB9F5C /* Models */,
				BFF8159D2ABE0D1A00ACF5A7 /* SoundfyApp.swift */,
				BFF8159F2ABE0D1A00ACF5A7 /* ContentView.swift */,
				BF52084F2ABE299700FB9F5C /* Localizable.strings */,
				BFF815A12ABE0D1A00ACF5A7 /* Assets.xcassets */,
				BFF815A32ABE0D1A00ACF5A7 /* Preview Content */,
				BF5208572ABE2A0900FB9F5C /* DataModel.xcdatamodeld */,
			);
			path = Soundfy;
			sourceTree = "<group>";
		};
		BFF815A32ABE0D1A00ACF5A7 /* Preview Content */ = {
			isa = PBXGroup;
			children = (
				BFF815A42ABE0D1A00ACF5A7 /* Preview Assets.xcassets */,
			);
			path = "Preview Content";
			sourceTree = "<group>";
		};
/* End PBXGroup section */

/* Begin PBXNativeTarget section */
		BFF815992ABE0D1A00ACF5A7 /* Soundfy */ = {
			isa = PBXNativeTarget;
			buildConfigurationList = BFF815A82ABE0D1A00ACF5A7 /* Build configuration list for PBXNativeTarget "Soundfy" */;
			buildPhases = (
				BFF815962ABE0D1A00ACF5A7 /* Sources */,
				BFF815972ABE0D1A00ACF5A7 /* Frameworks */,
				BFF815982ABE0D1A00ACF5A7 /* Resources */,
			);
			buildRules = (
			);
			dependencies = (
			);
			name = Soundfy;
			productName = Soundfy;
			productReference = BFF8159A2ABE0D1A00ACF5A7 /* Soundfy.app */;
			productType = "com.apple.product-type.application";
		};
/* End PBXNativeTarget section */

/* Begin PBXProject section */
		BFF815922ABE0D1A00ACF5A7 /* Project object */ = {
			isa = PBXProject;
			attributes = {
				BuildIndependentTargetsInParallel = 1;
				LastSwiftUpdateCheck = 1430;
				LastUpgradeCheck = 1430;
				TargetAttributes = {
					BFF815992ABE0D1A00ACF5A7 = {
						CreatedOnToolsVersion = 14.3.1;
					};
				};
			};
			buildConfigurationList = BFF815952ABE0D1A00ACF5A7 /* Build configuration list for PBXProject "Soundfy" */;
			compatibilityVersion = "Xcode 14.0";
			developmentRegion = en;
			hasScannedForEncodings = 0;
			knownRegions = (
				en,
				Base,
			);
			mainGroup = BFF815912ABE0D1A00ACF5A7;
			productRefGroup = BFF8159B2ABE0D1A00ACF5A7 /* Products */;
			projectDirPath = "";
			projectRoot = "";
			targets = (
				BFF815992ABE0D1A00ACF5A7 /* Soundfy */,
			);
		};
/* End PBXProject section */

/* Begin PBXResourcesBuildPhase section */
		BFF815982ABE0D1A00ACF5A7 /* Resources */ = {
			isa = PBXResourcesBuildPhase;
			buildActionMask = 2147483647;
			files = (
				BFF815A52ABE0D1A00ACF5A7 /* Preview Assets.xcassets in Resources */,
				BF5208502ABE299700FB9F5C /* Localizable.strings in Resources */,
				BFF815A22ABE0D1A00ACF5A7 /* Assets.xcassets in Resources */,
			);
			runOnlyForDeploymentPostprocessing = 0;
		};
/* End PBXResourcesBuildPhase section */

/* Begin PBXSourcesBuildPhase section */
		BFF815962ABE0D1A00ACF5A7 /* Sources */ = {
			isa = PBXSourcesBuildPhase;
			buildActionMask = 2147483647;
			files = (
				BFF815A02ABE0D1A00ACF5A7 /* ContentView.swift in Sources */,
				E5AB74472AC2230B00006406 /* ColorController.swift in Sources */,
				BF3146F62AC1F37E00CCFEE5 /* Exercise.swift in Sources */,
				BF3147052AC208FA00CCFEE5 /* SectionView.swift in Sources */,
				BF52085D2ABE2B9100FB9F5C /* Section.swift in Sources */,
				BF3147022AC1FFD100CCFEE5 /* ContentController.swift in Sources */,
				BF5208592ABE2A0900FB9F5C /* DataModel.xcdatamodeld in Sources */,
				BF3146FB2AC1FB4000CCFEE5 /* Alternative.swift in Sources */,
				E5AB74452AC21F9B00006406 /* ProfileView.swift in Sources */,
				E5AB743F2AC21ED500006406 /* PhonemesView.swift in Sources */,
				E5AB74432AC21F8A00006406 /* SoundsView.swift in Sources */,
				E5AB74412AC21F1000006406 /* WordView.swift in Sources */,
				BF52085B2ABE2A6E00FB9F5C /* Phase.swift in Sources */,
				BFF8159E2ABE0D1A00ACF5A7 /* SoundfyApp.swift in Sources */,
				BF3146F42AC1F2E900CCFEE5 /* Lesson.swift in Sources */,
			);
			runOnlyForDeploymentPostprocessing = 0;
		};
/* End PBXSourcesBuildPhase section */

/* Begin XCBuildConfiguration section */
		BFF815A62ABE0D1A00ACF5A7 /* Debug */ = {
			isa = XCBuildConfiguration;
			buildSettings = {
				ALWAYS_SEARCH_USER_PATHS = NO;
				CLANG_ANALYZER_NONNULL = YES;
				CLANG_ANALYZER_NUMBER_OBJECT_CONVERSION = YES_AGGRESSIVE;
				CLANG_CXX_LANGUAGE_STANDARD = "gnu++20";
				CLANG_ENABLE_MODULES = YES;
				CLANG_ENABLE_OBJC_ARC = YES;
				CLANG_ENABLE_OBJC_WEAK = YES;
				CLANG_WARN_BLOCK_CAPTURE_AUTORELEASING = YES;
				CLANG_WARN_BOOL_CONVERSION = YES;
				CLANG_WARN_COMMA = YES;
				CLANG_WARN_CONSTANT_CONVERSION = YES;
				CLANG_WARN_DEPRECATED_OBJC_IMPLEMENTATIONS = YES;
				CLANG_WARN_DIRECT_OBJC_ISA_USAGE = YES_ERROR;
				CLANG_WARN_DOCUMENTATION_COMMENTS = YES;
				CLANG_WARN_EMPTY_BODY = YES;
				CLANG_WARN_ENUM_CONVERSION = YES;
				CLANG_WARN_INFINITE_RECURSION = YES;
				CLANG_WARN_INT_CONVERSION = YES;
				CLANG_WARN_NON_LITERAL_NULL_CONVERSION = YES;
				CLANG_WARN_OBJC_IMPLICIT_RETAIN_SELF = YES;
				CLANG_WARN_OBJC_LITERAL_CONVERSION = YES;
				CLANG_WARN_OBJC_ROOT_CLASS = YES_ERROR;
				CLANG_WARN_QUOTED_INCLUDE_IN_FRAMEWORK_HEADER = YES;
				CLANG_WARN_RANGE_LOOP_ANALYSIS = YES;
				CLANG_WARN_STRICT_PROTOTYPES = YES;
				CLANG_WARN_SUSPICIOUS_MOVE = YES;
				CLANG_WARN_UNGUARDED_AVAILABILITY = YES_AGGRESSIVE;
				CLANG_WARN_UNREACHABLE_CODE = YES;
				CLANG_WARN__DUPLICATE_METHOD_MATCH = YES;
				COPY_PHASE_STRIP = NO;
				DEBUG_INFORMATION_FORMAT = dwarf;
				ENABLE_STRICT_OBJC_MSGSEND = YES;
				ENABLE_TESTABILITY = YES;
				GCC_C_LANGUAGE_STANDARD = gnu11;
				GCC_DYNAMIC_NO_PIC = NO;
				GCC_NO_COMMON_BLOCKS = YES;
				GCC_OPTIMIZATION_LEVEL = 0;
				GCC_PREPROCESSOR_DEFINITIONS = (
					"DEBUG=1",
					"$(inherited)",
				);
				GCC_WARN_64_TO_32_BIT_CONVERSION = YES;
				GCC_WARN_ABOUT_RETURN_TYPE = YES_ERROR;
				GCC_WARN_UNDECLARED_SELECTOR = YES;
				GCC_WARN_UNINITIALIZED_AUTOS = YES_AGGRESSIVE;
				GCC_WARN_UNUSED_FUNCTION = YES;
				GCC_WARN_UNUSED_VARIABLE = YES;
				IPHONEOS_DEPLOYMENT_TARGET = 16.4;
				MTL_ENABLE_DEBUG_INFO = INCLUDE_SOURCE;
				MTL_FAST_MATH = YES;
				ONLY_ACTIVE_ARCH = YES;
				SDKROOT = iphoneos;
				SWIFT_ACTIVE_COMPILATION_CONDITIONS = DEBUG;
				SWIFT_OPTIMIZATION_LEVEL = "-Onone";
			};
			name = Debug;
		};
		BFF815A72ABE0D1A00ACF5A7 /* Release */ = {
			isa = XCBuildConfiguration;
			buildSettings = {
				ALWAYS_SEARCH_USER_PATHS = NO;
				CLANG_ANALYZER_NONNULL = YES;
				CLANG_ANALYZER_NUMBER_OBJECT_CONVERSION = YES_AGGRESSIVE;
				CLANG_CXX_LANGUAGE_STANDARD = "gnu++20";
				CLANG_ENABLE_MODULES = YES;
				CLANG_ENABLE_OBJC_ARC = YES;
				CLANG_ENABLE_OBJC_WEAK = YES;
				CLANG_WARN_BLOCK_CAPTURE_AUTORELEASING = YES;
				CLANG_WARN_BOOL_CONVERSION = YES;
				CLANG_WARN_COMMA = YES;
				CLANG_WARN_CONSTANT_CONVERSION = YES;
				CLANG_WARN_DEPRECATED_OBJC_IMPLEMENTATIONS = YES;
				CLANG_WARN_DIRECT_OBJC_ISA_USAGE = YES_ERROR;
				CLANG_WARN_DOCUMENTATION_COMMENTS = YES;
				CLANG_WARN_EMPTY_BODY = YES;
				CLANG_WARN_ENUM_CONVERSION = YES;
				CLANG_WARN_INFINITE_RECURSION = YES;
				CLANG_WARN_INT_CONVERSION = YES;
				CLANG_WARN_NON_LITERAL_NULL_CONVERSION = YES;
				CLANG_WARN_OBJC_IMPLICIT_RETAIN_SELF = YES;
				CLANG_WARN_OBJC_LITERAL_CONVERSION = YES;
				CLANG_WARN_OBJC_ROOT_CLASS = YES_ERROR;
				CLANG_WARN_QUOTED_INCLUDE_IN_FRAMEWORK_HEADER = YES;
				CLANG_WARN_RANGE_LOOP_ANALYSIS = YES;
				CLANG_WARN_STRICT_PROTOTYPES = YES;
				CLANG_WARN_SUSPICIOUS_MOVE = YES;
				CLANG_WARN_UNGUARDED_AVAILABILITY = YES_AGGRESSIVE;
				CLANG_WARN_UNREACHABLE_CODE = YES;
				CLANG_WARN__DUPLICATE_METHOD_MATCH = YES;
				COPY_PHASE_STRIP = NO;
				DEBUG_INFORMATION_FORMAT = "dwarf-with-dsym";
				ENABLE_NS_ASSERTIONS = NO;
				ENABLE_STRICT_OBJC_MSGSEND = YES;
				GCC_C_LANGUAGE_STANDARD = gnu11;
				GCC_NO_COMMON_BLOCKS = YES;
				GCC_WARN_64_TO_32_BIT_CONVERSION = YES;
				GCC_WARN_ABOUT_RETURN_TYPE = YES_ERROR;
				GCC_WARN_UNDECLARED_SELECTOR = YES;
				GCC_WARN_UNINITIALIZED_AUTOS = YES_AGGRESSIVE;
				GCC_WARN_UNUSED_FUNCTION = YES;
				GCC_WARN_UNUSED_VARIABLE = YES;
				IPHONEOS_DEPLOYMENT_TARGET = 16.4;
				MTL_ENABLE_DEBUG_INFO = NO;
				MTL_FAST_MATH = YES;
				SDKROOT = iphoneos;
				SWIFT_COMPILATION_MODE = wholemodule;
				SWIFT_OPTIMIZATION_LEVEL = "-O";
				VALIDATE_PRODUCT = YES;
			};
			name = Release;
		};
		BFF815A92ABE0D1A00ACF5A7 /* Debug */ = {
			isa = XCBuildConfiguration;
			buildSettings = {
				ASSETCATALOG_COMPILER_APPICON_NAME = AppIcon;
				ASSETCATALOG_COMPILER_GLOBAL_ACCENT_COLOR_NAME = AccentColor;
				CODE_SIGN_STYLE = Automatic;
				CURRENT_PROJECT_VERSION = 1;
				DEVELOPMENT_ASSET_PATHS = "\"Soundfy/Preview Content\"";
				DEVELOPMENT_TEAM = AV2QX4598Q;
				ENABLE_PREVIEWS = YES;
				GENERATE_INFOPLIST_FILE = YES;
				INFOPLIST_KEY_UIApplicationSceneManifest_Generation = YES;
				INFOPLIST_KEY_UIApplicationSupportsIndirectInputEvents = YES;
				INFOPLIST_KEY_UILaunchScreen_Generation = YES;
				INFOPLIST_KEY_UISupportedInterfaceOrientations_iPad = "UIInterfaceOrientationPortrait UIInterfaceOrientationPortraitUpsideDown UIInterfaceOrientationLandscapeLeft UIInterfaceOrientationLandscapeRight";
				INFOPLIST_KEY_UISupportedInterfaceOrientations_iPhone = "UIInterfaceOrientationPortrait UIInterfaceOrientationLandscapeLeft UIInterfaceOrientationLandscapeRight";
				LD_RUNPATH_SEARCH_PATHS = (
					"$(inherited)",
					"@executable_path/Frameworks",
				);
				MARKETING_VERSION = 1.0;
				PRODUCT_BUNDLE_IDENTIFIER = pedropessuto.Soundfy;
				PRODUCT_NAME = "$(TARGET_NAME)";
				SWIFT_EMIT_LOC_STRINGS = YES;
				SWIFT_VERSION = 5.0;
				TARGETED_DEVICE_FAMILY = "1,2";
			};
			name = Debug;
		};
		BFF815AA2ABE0D1A00ACF5A7 /* Release */ = {
			isa = XCBuildConfiguration;
			buildSettings = {
				ASSETCATALOG_COMPILER_APPICON_NAME = AppIcon;
				ASSETCATALOG_COMPILER_GLOBAL_ACCENT_COLOR_NAME = AccentColor;
				CODE_SIGN_STYLE = Automatic;
				CURRENT_PROJECT_VERSION = 1;
				DEVELOPMENT_ASSET_PATHS = "\"Soundfy/Preview Content\"";
				DEVELOPMENT_TEAM = AV2QX4598Q;
				ENABLE_PREVIEWS = YES;
				GENERATE_INFOPLIST_FILE = YES;
				INFOPLIST_KEY_UIApplicationSceneManifest_Generation = YES;
				INFOPLIST_KEY_UIApplicationSupportsIndirectInputEvents = YES;
				INFOPLIST_KEY_UILaunchScreen_Generation = YES;
				INFOPLIST_KEY_UISupportedInterfaceOrientations_iPad = "UIInterfaceOrientationPortrait UIInterfaceOrientationPortraitUpsideDown UIInterfaceOrientationLandscapeLeft UIInterfaceOrientationLandscapeRight";
				INFOPLIST_KEY_UISupportedInterfaceOrientations_iPhone = "UIInterfaceOrientationPortrait UIInterfaceOrientationLandscapeLeft UIInterfaceOrientationLandscapeRight";
				LD_RUNPATH_SEARCH_PATHS = (
					"$(inherited)",
					"@executable_path/Frameworks",
				);
				MARKETING_VERSION = 1.0;
				PRODUCT_BUNDLE_IDENTIFIER = pedropessuto.Soundfy;
				PRODUCT_NAME = "$(TARGET_NAME)";
				SWIFT_EMIT_LOC_STRINGS = YES;
				SWIFT_VERSION = 5.0;
				TARGETED_DEVICE_FAMILY = "1,2";
			};
			name = Release;
		};
/* End XCBuildConfiguration section */

/* Begin XCConfigurationList section */
		BFF815952ABE0D1A00ACF5A7 /* Build configuration list for PBXProject "Soundfy" */ = {
			isa = XCConfigurationList;
			buildConfigurations = (
				BFF815A62ABE0D1A00ACF5A7 /* Debug */,
				BFF815A72ABE0D1A00ACF5A7 /* Release */,
			);
			defaultConfigurationIsVisible = 0;
			defaultConfigurationName = Release;
		};
		BFF815A82ABE0D1A00ACF5A7 /* Build configuration list for PBXNativeTarget "Soundfy" */ = {
			isa = XCConfigurationList;
			buildConfigurations = (
				BFF815A92ABE0D1A00ACF5A7 /* Debug */,
				BFF815AA2ABE0D1A00ACF5A7 /* Release */,
			);
			defaultConfigurationIsVisible = 0;
			defaultConfigurationName = Release;
		};
/* End XCConfigurationList section */

/* Begin XCVersionGroup section */
		BF5208572ABE2A0900FB9F5C /* DataModel.xcdatamodeld */ = {
			isa = XCVersionGroup;
			children = (
				BF5208582ABE2A0900FB9F5C /* DataModel.xcdatamodel */,
			);
			currentVersion = BF5208582ABE2A0900FB9F5C /* DataModel.xcdatamodel */;
			path = DataModel.xcdatamodeld;
			sourceTree = "<group>";
			versionGroupType = wrapper.xcdatamodel;
		};
/* End XCVersionGroup section */
	};
	rootObject = BFF815922ABE0D1A00ACF5A7 /* Project object */;
}
